
Microsoft Visual Studio Solution File, Format Version 12.00
# Visual Studio Version 16
VisualStudioVersion = 25.0.1704.4
MinimumVisualStudioVersion = 10.0.40219.1
Project("{FAE04EC0-301F-11D3-BF4B-00C04F79EFBC}") = "Capstone.Android", "Capstone\Capstone.Android\Capstone.Android.csproj", "{80BA1551-E399-4B42-9CB6-51894AECACB2}"
EndProject
Project("{FAE04EC0-301F-11D3-BF4B-00C04F79EFBC}") = "Capstone.iOS", "Capstone\Capstone.iOS\Capstone.iOS.csproj", "{FA30CC84-1436-4AA3-BB89-8A2ECAE926BC}"
EndProject
Project("{FAE04EC0-301F-11D3-BF4B-00C04F79EFBC}") = "Capstone", "Capstone\Capstone\Capstone.csproj", "{DEFE0884-E86A-464A-8326-3DE111B76ED4}"
EndProject
Global
	GlobalSection(SolutionConfigurationPlatforms) = preSolution
		Debug|Any CPU = Debug|Any CPU
		Release|Any CPU = Release|Any CPU
		Debug|iPhoneSimulator = Debug|iPhoneSimulator
		Release|iPhoneSimulator = Release|iPhoneSimulator
		Debug|iPhone = Debug|iPhone
		Release|iPhone = Release|iPhone
	EndGlobalSection
	GlobalSection(ProjectConfigurationPlatforms) = postSolution
		{80BA1551-E399-4B42-9CB6-51894AECACB2}.Debug|Any CPU.ActiveCfg = Debug|Any CPU
		{80BA1551-E399-4B42-9CB6-51894AECACB2}.Debug|Any CPU.Build.0 = Debug|Any CPU
		{80BA1551-E399-4B42-9CB6-51894AECACB2}.Release|Any CPU.ActiveCfg = Release|Any CPU
		{80BA1551-E399-4B42-9CB6-51894AECACB2}.Release|Any CPU.Build.0 = Release|Any CPU
		{80BA1551-E399-4B42-9CB6-51894AECACB2}.Debug|iPhoneSimulator.ActiveCfg = Debug|Any CPU
		{80BA1551-E399-4B42-9CB6-51894AECACB2}.Debug|iPhoneSimulator.Build.0 = Debug|Any CPU
		{80BA1551-E399-4B42-9CB6-51894AECACB2}.Release|iPhoneSimulator.ActiveCfg = Release|Any CPU
		{80BA1551-E399-4B42-9CB6-51894AECACB2}.Release|iPhoneSimulator.Build.0 = Release|Any CPU
		{80BA1551-E399-4B42-9CB6-51894AECACB2}.Debug|iPhone.ActiveCfg = Debug|Any CPU
		{80BA1551-E399-4B42-9CB6-51894AECACB2}.Debug|iPhone.Build.0 = Debug|Any CPU
		{80BA1551-E399-4B42-9CB6-51894AECACB2}.Release|iPhone.ActiveCfg = Release|Any CPU
		{80BA1551-E399-4B42-9CB6-51894AECACB2}.Release|iPhone.Build.0 = Release|Any CPU
		{FA30CC84-1436-4AA3-BB89-8A2ECAE926BC}.Debug|Any CPU.ActiveCfg = Debug|iPhoneSimulator
		{FA30CC84-1436-4AA3-BB89-8A2ECAE926BC}.Debug|Any CPU.Build.0 = Debug|iPhoneSimulator
		{FA30CC84-1436-4AA3-BB89-8A2ECAE926BC}.Release|Any CPU.ActiveCfg = Release|iPhoneSimulator
		{FA30CC84-1436-4AA3-BB89-8A2ECAE926BC}.Release|Any CPU.Build.0 = Release|iPhoneSimulator
		{FA30CC84-1436-4AA3-BB89-8A2ECAE926BC}.Debug|iPhoneSimulator.ActiveCfg = Debug|iPhoneSimulator
		{FA30CC84-1436-4AA3-BB89-8A2ECAE926BC}.Debug|iPhoneSimulator.Build.0 = Debug|iPhoneSimulator
		{FA30CC84-1436-4AA3-BB89-8A2ECAE926BC}.Release|iPhoneSimulator.ActiveCfg = Release|iPhoneSimulator
		{FA30CC84-1436-4AA3-BB89-8A2ECAE926BC}.Release|iPhoneSimulator.Build.0 = Release|iPhoneSimulator
		{FA30CC84-1436-4AA3-BB89-8A2ECAE926BC}.Debug|iPhone.ActiveCfg = Debug|iPhone
		{FA30CC84-1436-4AA3-BB89-8A2ECAE926BC}.Debug|iPhone.Build.0 = Debug|iPhone
		{FA30CC84-1436-4AA3-BB89-8A2ECAE926BC}.Release|iPhone.ActiveCfg = Release|iPhone
		{FA30CC84-1436-4AA3-BB89-8A2ECAE926BC}.Release|iPhone.Build.0 = Release|iPhone
		{DEFE0884-E86A-464A-8326-3DE111B76ED4}.Debug|Any CPU.ActiveCfg = Debug|Any CPU
		{DEFE0884-E86A-464A-8326-3DE111B76ED4}.Debug|Any CPU.Build.0 = Debug|Any CPU
		{DEFE0884-E86A-464A-8326-3DE111B76ED4}.Release|Any CPU.ActiveCfg = Release|Any CPU
		{DEFE0884-E86A-464A-8326-3DE111B76ED4}.Release|Any CPU.Build.0 = Release|Any CPU
		{DEFE0884-E86A-464A-8326-3DE111B76ED4}.Debug|iPhoneSimulator.ActiveCfg = Debug|Any CPU
		{DEFE0884-E86A-464A-8326-3DE111B76ED4}.Debug|iPhoneSimulator.Build.0 = Debug|Any CPU
		{DEFE0884-E86A-464A-8326-3DE111B76ED4}.Release|iPhoneSimulator.ActiveCfg = Release|Any CPU
		{DEFE0884-E86A-464A-8326-3DE111B76ED4}.Release|iPhoneSimulator.Build.0 = Release|Any CPU
		{DEFE0884-E86A-464A-8326-3DE111B76ED4}.Debug|iPhone.ActiveCfg = Debug|Any CPU
		{DEFE0884-E86A-464A-8326-3DE111B76ED4}.Debug|iPhone.Build.0 = Debug|Any CPU
		{DEFE0884-E86A-464A-8326-3DE111B76ED4}.Release|iPhone.ActiveCfg = Release|Any CPU
		{DEFE0884-E86A-464A-8326-3DE111B76ED4}.Release|iPhone.Build.0 = Release|Any CPU
	EndGlobalSection
	GlobalSection(SolutionProperties) = preSolution
		HideSolutionNode = FALSE
	EndGlobalSection
	GlobalSection(ExtensibilityGlobals) = postSolution
		SolutionGuid = {A34DE14D-7340-4571-A95A-78F643F41A46}
	EndGlobalSection
EndGlobal
